
Microsoft Visual Studio Solution File, Format Version 12.00
# Visual Studio Version 17
VisualStudioVersion = 17.10.35013.160
MinimumVisualStudioVersion = 10.0.40219.1
Project("{FAE04EC0-301F-11D3-BF4B-00C04F79EFBC}") = "CMCS_Part2(WPF)", "CMCS_Part2(WPF)\CMCS_Part2(WPF).csproj", "{C739D246-6721-45AB-BA77-AD45530D8AD8}"
EndProject
Global
	GlobalSection(SolutionConfigurationPlatforms) = preSolution
		Debug|Any CPU = Debug|Any CPU
		Release|Any CPU = Release|Any CPU
	EndGlobalSection
	GlobalSection(ProjectConfigurationPlatforms) = postSolution
		{C739D246-6721-45AB-BA77-AD45530D8AD8}.Debug|Any CPU.ActiveCfg = Debug|Any CPU
		{C739D246-6721-45AB-BA77-AD45530D8AD8}.Debug|Any CPU.Build.0 = Debug|Any CPU
		{C739D246-6721-45AB-BA77-AD45530D8AD8}.Release|Any CPU.ActiveCfg = Release|Any CPU
		{C739D246-6721-45AB-BA77-AD45530D8AD8}.Release|Any CPU.Build.0 = Release|Any CPU
	EndGlobalSection
	GlobalSection(SolutionProperties) = preSolution
		HideSolutionNode = FALSE
	EndGlobalSection
	GlobalSection(ExtensibilityGlobals) = postSolution
		SolutionGuid = {FAF149DB-9B57-4044-AE8E-FDF617ECDBBD}
	EndGlobalSection
EndGlobal
